
Microsoft Visual Studio Solution File, Format Version 12.00
# Visual Studio Version 16
VisualStudioVersion = 16.0.29009.5
MinimumVisualStudioVersion = 10.0.40219.1
Project("{FAE04EC0-301F-11D3-BF4B-00C04F79EFBC}") = "addressbook-web-tests", "addressbook-web-tests\addressbook-web-tests.csproj", "{6305E4FA-A97D-47AA-8FEF-D37F68B86278}"
EndProject
Project("{FAE04EC0-301F-11D3-BF4B-00C04F79EFBC}") = "addressbook_test_data_generators", "addressbook_test_data_generators\addressbook_test_data_generators.csproj", "{D3540E80-A731-4B93-8C75-FEAD40D58B52}"
EndProject
Global
	GlobalSection(SolutionConfigurationPlatforms) = preSolution
		Debug|Any CPU = Debug|Any CPU
		Release|Any CPU = Release|Any CPU
	EndGlobalSection
	GlobalSection(ProjectConfigurationPlatforms) = postSolution
		{6305E4FA-A97D-47AA-8FEF-D37F68B86278}.Debug|Any CPU.ActiveCfg = Debug|Any CPU
		{6305E4FA-A97D-47AA-8FEF-D37F68B86278}.Debug|Any CPU.Build.0 = Debug|Any CPU
		{6305E4FA-A97D-47AA-8FEF-D37F68B86278}.Release|Any CPU.ActiveCfg = Release|Any CPU
		{6305E4FA-A97D-47AA-8FEF-D37F68B86278}.Release|Any CPU.Build.0 = Release|Any CPU
		{D3540E80-A731-4B93-8C75-FEAD40D58B52}.Debug|Any CPU.ActiveCfg = Debug|Any CPU
		{D3540E80-A731-4B93-8C75-FEAD40D58B52}.Debug|Any CPU.Build.0 = Debug|Any CPU
		{D3540E80-A731-4B93-8C75-FEAD40D58B52}.Release|Any CPU.ActiveCfg = Release|Any CPU
		{D3540E80-A731-4B93-8C75-FEAD40D58B52}.Release|Any CPU.Build.0 = Release|Any CPU
	EndGlobalSection
	GlobalSection(SolutionProperties) = preSolution
		HideSolutionNode = FALSE
	EndGlobalSection
	GlobalSection(ExtensibilityGlobals) = postSolution
		SolutionGuid = {7F4AFBA3-AF4A-4CC5-9FF2-771EC1C8842B}
	EndGlobalSection
EndGlobal
